
Microsoft Visual Studio Solution File, Format Version 12.00
# Visual Studio Version 17
VisualStudioVersion = 17.11.35312.102
MinimumVisualStudioVersion = 10.0.40219.1
Project("{9A19103F-16F7-4668-BE54-9A1E7A4F7556}") = "Chat", "Chat\Chat.csproj", "{07F68827-00A4-48F9-A040-AC6DEC9931E9}"
EndProject
Project("{9A19103F-16F7-4668-BE54-9A1E7A4F7556}") = "Chat.Core", "Chat.Core\Chat.Core.csproj", "{84CB4D01-7DB3-4F48-8FA1-71900D0DD27A}"
EndProject
Project("{9A19103F-16F7-4668-BE54-9A1E7A4F7556}") = "Chat.DataAccess", "Chat.DataAccess\Chat.DataAccess.csproj", "{57607117-D296-456B-9851-8973BD052B5E}"
EndProject
Project("{9A19103F-16F7-4668-BE54-9A1E7A4F7556}") = "Chat.Application", "Chat.Application\Chat.Application.csproj", "{31B945DA-7497-4265-8F95-A24762DAA307}"
EndProject
Project("{FAE04EC0-301F-11D3-BF4B-00C04F79EFBC}") = "Chat.Infrastructure", "Chat.Infrastructure\Chat.Infrastructure.csproj", "{3731CED9-BE94-44E7-914F-96D2A1A9DD4D}"
EndProject
Global
	GlobalSection(SolutionConfigurationPlatforms) = preSolution
		Debug|Any CPU = Debug|Any CPU
		Release|Any CPU = Release|Any CPU
	EndGlobalSection
	GlobalSection(ProjectConfigurationPlatforms) = postSolution
		{07F68827-00A4-48F9-A040-AC6DEC9931E9}.Debug|Any CPU.ActiveCfg = Debug|Any CPU
		{07F68827-00A4-48F9-A040-AC6DEC9931E9}.Debug|Any CPU.Build.0 = Debug|Any CPU
		{07F68827-00A4-48F9-A040-AC6DEC9931E9}.Release|Any CPU.ActiveCfg = Release|Any CPU
		{07F68827-00A4-48F9-A040-AC6DEC9931E9}.Release|Any CPU.Build.0 = Release|Any CPU
		{84CB4D01-7DB3-4F48-8FA1-71900D0DD27A}.Debug|Any CPU.ActiveCfg = Debug|Any CPU
		{84CB4D01-7DB3-4F48-8FA1-71900D0DD27A}.Debug|Any CPU.Build.0 = Debug|Any CPU
		{84CB4D01-7DB3-4F48-8FA1-71900D0DD27A}.Release|Any CPU.ActiveCfg = Release|Any CPU
		{84CB4D01-7DB3-4F48-8FA1-71900D0DD27A}.Release|Any CPU.Build.0 = Release|Any CPU
		{57607117-D296-456B-9851-8973BD052B5E}.Debug|Any CPU.ActiveCfg = Debug|Any CPU
		{57607117-D296-456B-9851-8973BD052B5E}.Debug|Any CPU.Build.0 = Debug|Any CPU
		{57607117-D296-456B-9851-8973BD052B5E}.Release|Any CPU.ActiveCfg = Release|Any CPU
		{57607117-D296-456B-9851-8973BD052B5E}.Release|Any CPU.Build.0 = Release|Any CPU
		{31B945DA-7497-4265-8F95-A24762DAA307}.Debug|Any CPU.ActiveCfg = Debug|Any CPU
		{31B945DA-7497-4265-8F95-A24762DAA307}.Debug|Any CPU.Build.0 = Debug|Any CPU
		{31B945DA-7497-4265-8F95-A24762DAA307}.Release|Any CPU.ActiveCfg = Release|Any CPU
		{31B945DA-7497-4265-8F95-A24762DAA307}.Release|Any CPU.Build.0 = Release|Any CPU
		{3731CED9-BE94-44E7-914F-96D2A1A9DD4D}.Debug|Any CPU.ActiveCfg = Debug|Any CPU
		{3731CED9-BE94-44E7-914F-96D2A1A9DD4D}.Debug|Any CPU.Build.0 = Debug|Any CPU
		{3731CED9-BE94-44E7-914F-96D2A1A9DD4D}.Release|Any CPU.ActiveCfg = Release|Any CPU
		{3731CED9-BE94-44E7-914F-96D2A1A9DD4D}.Release|Any CPU.Build.0 = Release|Any CPU
	EndGlobalSection
	GlobalSection(SolutionProperties) = preSolution
		HideSolutionNode = FALSE
	EndGlobalSection
	GlobalSection(ExtensibilityGlobals) = postSolution
		SolutionGuid = {1EEBDADA-0F2C-4AD0-B2DA-B5FFB532FA12}
	EndGlobalSection
EndGlobal
